
Microsoft Visual Studio Solution File, Format Version 12.00
# Visual Studio Version 17
VisualStudioVersion = 17.14.36414.22 d17.14
MinimumVisualStudioVersion = 10.0.40219.1
Project("{FAE04EC0-301F-11D3-BF4B-00C04F79EFBC}") = "withdrawalfunds", "withdrawalfunds\withdrawalfunds.csproj", "{9D6C4902-5CE8-47A5-A676-10CCB4C9B10A}"
EndProject
Global
	GlobalSection(SolutionConfigurationPlatforms) = preSolution
		Debug|Any CPU = Debug|Any CPU
		Release|Any CPU = Release|Any CPU
	EndGlobalSection
	GlobalSection(ProjectConfigurationPlatforms) = postSolution
		{9D6C4902-5CE8-47A5-A676-10CCB4C9B10A}.Debug|Any CPU.ActiveCfg = Debug|Any CPU
		{9D6C4902-5CE8-47A5-A676-10CCB4C9B10A}.Debug|Any CPU.Build.0 = Debug|Any CPU
		{9D6C4902-5CE8-47A5-A676-10CCB4C9B10A}.Release|Any CPU.ActiveCfg = Release|Any CPU
		{9D6C4902-5CE8-47A5-A676-10CCB4C9B10A}.Release|Any CPU.Build.0 = Release|Any CPU
	EndGlobalSection
	GlobalSection(SolutionProperties) = preSolution
		HideSolutionNode = FALSE
	EndGlobalSection
	GlobalSection(ExtensibilityGlobals) = postSolution
		SolutionGuid = {83FB7479-BDEE-4427-8C8B-AE37DAAB04FA}
	EndGlobalSection
EndGlobal
