
Microsoft Visual Studio Solution File, Format Version 12.00
# Visual Studio Version 17
VisualStudioVersion = 17.14.36414.22 d17.14
MinimumVisualStudioVersion = 10.0.40219.1
Project("{FAE04EC0-301F-11D3-BF4B-00C04F79EFBC}") = "Bank", "Bank\Bank.csproj", "{7B0D89F6-6981-48DA-9431-D68EF3A9C3F6}"
EndProject
Global
	GlobalSection(SolutionConfigurationPlatforms) = preSolution
		Debug|Any CPU = Debug|Any CPU
		Release|Any CPU = Release|Any CPU
	EndGlobalSection
	GlobalSection(ProjectConfigurationPlatforms) = postSolution
		{7B0D89F6-6981-48DA-9431-D68EF3A9C3F6}.Debug|Any CPU.ActiveCfg = Debug|Any CPU
		{7B0D89F6-6981-48DA-9431-D68EF3A9C3F6}.Debug|Any CPU.Build.0 = Debug|Any CPU
		{7B0D89F6-6981-48DA-9431-D68EF3A9C3F6}.Release|Any CPU.ActiveCfg = Release|Any CPU
		{7B0D89F6-6981-48DA-9431-D68EF3A9C3F6}.Release|Any CPU.Build.0 = Release|Any CPU
	EndGlobalSection
	GlobalSection(SolutionProperties) = preSolution
		HideSolutionNode = FALSE
	EndGlobalSection
	GlobalSection(ExtensibilityGlobals) = postSolution
		SolutionGuid = {F60B8E25-7E69-4B25-B05E-D33FCF9B41C3}
	EndGlobalSection
EndGlobal
